
Microsoft Visual Studio Solution File, Format Version 12.00
# Visual Studio Version 17
VisualStudioVersion = 17.0.31903.59
MinimumVisualStudioVersion = 10.0.40219.1
Project("{FAE04EC0-301F-11D3-BF4B-00C04F79EFBC}") = "EmployeeApi", "EmployeeApi\EmployeeApi.csproj", "{F7F767AB-0863-4B2C-AE53-AFECE8C62F76}"
EndProject
Project("{FAE04EC0-301F-11D3-BF4B-00C04F79EFBC}") = "EmployeeApi.Tests", "EmployeeApi.Tests\EmployeeApi.Tests.csproj", "{0B561EEB-F354-4A52-B132-B23A4EDE047B}"
EndProject
Global
	GlobalSection(SolutionConfigurationPlatforms) = preSolution
		Debug|Any CPU = Debug|Any CPU
		Release|Any CPU = Release|Any CPU
	EndGlobalSection
	GlobalSection(SolutionProperties) = preSolution
		HideSolutionNode = FALSE
	EndGlobalSection
	GlobalSection(ProjectConfigurationPlatforms) = postSolution
		{F7F767AB-0863-4B2C-AE53-AFECE8C62F76}.Debug|Any CPU.ActiveCfg = Debug|Any CPU
		{F7F767AB-0863-4B2C-AE53-AFECE8C62F76}.Debug|Any CPU.Build.0 = Debug|Any CPU
		{F7F767AB-0863-4B2C-AE53-AFECE8C62F76}.Release|Any CPU.ActiveCfg = Release|Any CPU
		{F7F767AB-0863-4B2C-AE53-AFECE8C62F76}.Release|Any CPU.Build.0 = Release|Any CPU
		{0B561EEB-F354-4A52-B132-B23A4EDE047B}.Debug|Any CPU.ActiveCfg = Debug|Any CPU
		{0B561EEB-F354-4A52-B132-B23A4EDE047B}.Debug|Any CPU.Build.0 = Debug|Any CPU
		{0B561EEB-F354-4A52-B132-B23A4EDE047B}.Release|Any CPU.ActiveCfg = Release|Any CPU
		{0B561EEB-F354-4A52-B132-B23A4EDE047B}.Release|Any CPU.Build.0 = Release|Any CPU
	EndGlobalSection
EndGlobal
